
Microsoft Visual Studio Solution File, Format Version 12.00
# Visual Studio Version 16
VisualStudioVersion = 16.0.31025.194
MinimumVisualStudioVersion = 10.0.40219.1
Project("{9A19103F-16F7-4668-BE54-9A1E7A4F7556}") = "PuttPutt", "src\PuttPutt.csproj", "{5D2DBBDF-51CA-4DB2-BB37-E1E937DAFFDD}"
EndProject
Project("{FAE04EC0-301F-11D3-BF4B-00C04F79EFBC}") = "UnitTests", "test\UnitTests\UnitTests.csproj", "{50640044-F3DA-4530-B8C1-28E5018C582D}"
	ProjectSection(ProjectDependencies) = postProject
		{5D2DBBDF-51CA-4DB2-BB37-E1E937DAFFDD} = {5D2DBBDF-51CA-4DB2-BB37-E1E937DAFFDD}
	EndProjectSection
EndProject
Project("{2150E333-8FDC-42A3-9474-1A3956D46DE8}") = "Solution Items", "Solution Items", "{3D49E9F6-ED7D-4384-BA94-66A61475DE5F}"
	ProjectSection(SolutionItems) = preProject
		docker-compose.yml = docker-compose.yml
		Dockerfile = Dockerfile
		spinup.sh = spinup.sh
	EndProjectSection
EndProject
Global
	GlobalSection(SolutionConfigurationPlatforms) = preSolution
		Debug|Any CPU = Debug|Any CPU
		Release|Any CPU = Release|Any CPU
	EndGlobalSection
	GlobalSection(ProjectConfigurationPlatforms) = postSolution
		{5D2DBBDF-51CA-4DB2-BB37-E1E937DAFFDD}.Debug|Any CPU.ActiveCfg = Debug|Any CPU
		{5D2DBBDF-51CA-4DB2-BB37-E1E937DAFFDD}.Debug|Any CPU.Build.0 = Debug|Any CPU
		{5D2DBBDF-51CA-4DB2-BB37-E1E937DAFFDD}.Release|Any CPU.ActiveCfg = Release|Any CPU
		{5D2DBBDF-51CA-4DB2-BB37-E1E937DAFFDD}.Release|Any CPU.Build.0 = Release|Any CPU
		{50640044-F3DA-4530-B8C1-28E5018C582D}.Debug|Any CPU.ActiveCfg = Debug|Any CPU
		{50640044-F3DA-4530-B8C1-28E5018C582D}.Debug|Any CPU.Build.0 = Debug|Any CPU
		{50640044-F3DA-4530-B8C1-28E5018C582D}.Release|Any CPU.ActiveCfg = Release|Any CPU
		{50640044-F3DA-4530-B8C1-28E5018C582D}.Release|Any CPU.Build.0 = Release|Any CPU
	EndGlobalSection
	GlobalSection(SolutionProperties) = preSolution
		HideSolutionNode = FALSE
	EndGlobalSection
	GlobalSection(ExtensibilityGlobals) = postSolution
		SolutionGuid = {0DFA9329-ADE7-45BD-9EA4-61A63057B318}
	EndGlobalSection
EndGlobal
